
Microsoft Visual Studio Solution File, Format Version 12.00
# Visual Studio 15
VisualStudioVersion = 15.0.26228.4
MinimumVisualStudioVersion = 10.0.40219.1
Project("{FAE04EC0-301F-11D3-BF4B-00C04F79EFBC}") = "Test", "Test\Test.csproj", "{32E73977-5DF9-40C2-8EC6-A09FE1E56F97}"
EndProject
Project("{FAE04EC0-301F-11D3-BF4B-00C04F79EFBC}") = "MutexWrapperTest", "MutexWrapperTest\MutexWrapperTest.csproj", "{B1516BA4-07F2-4B1A-BE67-3DC522F613FC}"
EndProject
Project("{FAE04EC0-301F-11D3-BF4B-00C04F79EFBC}") = "TNT.Utilities", "trunk\TNT.Utilities.csproj", "{600B6D9A-F0AA-4DBE-A5F1-61BC3BD39C9F}"
EndProject
Global
	GlobalSection(SolutionConfigurationPlatforms) = preSolution
		Debug (PALETTE_PROPERTIES)|Any CPU = Debug (PALETTE_PROPERTIES)|Any CPU
		Debug (PALETTE_PROPERTIES)|Mixed Platforms = Debug (PALETTE_PROPERTIES)|Mixed Platforms
		Debug (PALETTE_PROPERTIES)|x86 = Debug (PALETTE_PROPERTIES)|x86
		Debug|Any CPU = Debug|Any CPU
		Debug|Mixed Platforms = Debug|Mixed Platforms
		Debug|x86 = Debug|x86
		Release|Any CPU = Release|Any CPU
		Release|Mixed Platforms = Release|Mixed Platforms
		Release|x86 = Release|x86
	EndGlobalSection
	GlobalSection(ProjectConfigurationPlatforms) = postSolution
		{32E73977-5DF9-40C2-8EC6-A09FE1E56F97}.Debug (PALETTE_PROPERTIES)|Any CPU.ActiveCfg = Debug|Any CPU
		{32E73977-5DF9-40C2-8EC6-A09FE1E56F97}.Debug (PALETTE_PROPERTIES)|Any CPU.Build.0 = Debug|Any CPU
		{32E73977-5DF9-40C2-8EC6-A09FE1E56F97}.Debug (PALETTE_PROPERTIES)|Mixed Platforms.ActiveCfg = Debug|Any CPU
		{32E73977-5DF9-40C2-8EC6-A09FE1E56F97}.Debug (PALETTE_PROPERTIES)|Mixed Platforms.Build.0 = Debug|Any CPU
		{32E73977-5DF9-40C2-8EC6-A09FE1E56F97}.Debug (PALETTE_PROPERTIES)|x86.ActiveCfg = Debug|Any CPU
		{32E73977-5DF9-40C2-8EC6-A09FE1E56F97}.Debug (PALETTE_PROPERTIES)|x86.Build.0 = Debug|Any CPU
		{32E73977-5DF9-40C2-8EC6-A09FE1E56F97}.Debug|Any CPU.ActiveCfg = Debug|Any CPU
		{32E73977-5DF9-40C2-8EC6-A09FE1E56F97}.Debug|Any CPU.Build.0 = Debug|Any CPU
		{32E73977-5DF9-40C2-8EC6-A09FE1E56F97}.Debug|Mixed Platforms.ActiveCfg = Debug|Any CPU
		{32E73977-5DF9-40C2-8EC6-A09FE1E56F97}.Debug|Mixed Platforms.Build.0 = Debug|Any CPU
		{32E73977-5DF9-40C2-8EC6-A09FE1E56F97}.Debug|x86.ActiveCfg = Debug|Any CPU
		{32E73977-5DF9-40C2-8EC6-A09FE1E56F97}.Release|Any CPU.ActiveCfg = Release|Any CPU
		{32E73977-5DF9-40C2-8EC6-A09FE1E56F97}.Release|Any CPU.Build.0 = Release|Any CPU
		{32E73977-5DF9-40C2-8EC6-A09FE1E56F97}.Release|Mixed Platforms.ActiveCfg = Release|Any CPU
		{32E73977-5DF9-40C2-8EC6-A09FE1E56F97}.Release|Mixed Platforms.Build.0 = Release|Any CPU
		{32E73977-5DF9-40C2-8EC6-A09FE1E56F97}.Release|x86.ActiveCfg = Release|Any CPU
		{B1516BA4-07F2-4B1A-BE67-3DC522F613FC}.Debug (PALETTE_PROPERTIES)|Any CPU.ActiveCfg = Debug|Any CPU
		{B1516BA4-07F2-4B1A-BE67-3DC522F613FC}.Debug (PALETTE_PROPERTIES)|Any CPU.Build.0 = Debug|Any CPU
		{B1516BA4-07F2-4B1A-BE67-3DC522F613FC}.Debug (PALETTE_PROPERTIES)|Mixed Platforms.ActiveCfg = Debug|Any CPU
		{B1516BA4-07F2-4B1A-BE67-3DC522F613FC}.Debug (PALETTE_PROPERTIES)|Mixed Platforms.Build.0 = Debug|Any CPU
		{B1516BA4-07F2-4B1A-BE67-3DC522F613FC}.Debug (PALETTE_PROPERTIES)|x86.ActiveCfg = Debug|Any CPU
		{B1516BA4-07F2-4B1A-BE67-3DC522F613FC}.Debug (PALETTE_PROPERTIES)|x86.Build.0 = Debug|Any CPU
		{B1516BA4-07F2-4B1A-BE67-3DC522F613FC}.Debug|Any CPU.ActiveCfg = Debug|Any CPU
		{B1516BA4-07F2-4B1A-BE67-3DC522F613FC}.Debug|Any CPU.Build.0 = Debug|Any CPU
		{B1516BA4-07F2-4B1A-BE67-3DC522F613FC}.Debug|Mixed Platforms.ActiveCfg = Debug|Any CPU
		{B1516BA4-07F2-4B1A-BE67-3DC522F613FC}.Debug|Mixed Platforms.Build.0 = Debug|Any CPU
		{B1516BA4-07F2-4B1A-BE67-3DC522F613FC}.Debug|x86.ActiveCfg = Debug|Any CPU
		{B1516BA4-07F2-4B1A-BE67-3DC522F613FC}.Release|Any CPU.ActiveCfg = Release|Any CPU
		{B1516BA4-07F2-4B1A-BE67-3DC522F613FC}.Release|Any CPU.Build.0 = Release|Any CPU
		{B1516BA4-07F2-4B1A-BE67-3DC522F613FC}.Release|Mixed Platforms.ActiveCfg = Release|Any CPU
		{B1516BA4-07F2-4B1A-BE67-3DC522F613FC}.Release|Mixed Platforms.Build.0 = Release|Any CPU
		{B1516BA4-07F2-4B1A-BE67-3DC522F613FC}.Release|x86.ActiveCfg = Release|Any CPU
		{600B6D9A-F0AA-4DBE-A5F1-61BC3BD39C9F}.Debug (PALETTE_PROPERTIES)|Any CPU.ActiveCfg = Debug|Any CPU
		{600B6D9A-F0AA-4DBE-A5F1-61BC3BD39C9F}.Debug (PALETTE_PROPERTIES)|Any CPU.Build.0 = Debug|Any CPU
		{600B6D9A-F0AA-4DBE-A5F1-61BC3BD39C9F}.Debug (PALETTE_PROPERTIES)|Mixed Platforms.ActiveCfg = Debug|Any CPU
		{600B6D9A-F0AA-4DBE-A5F1-61BC3BD39C9F}.Debug (PALETTE_PROPERTIES)|Mixed Platforms.Build.0 = Debug|Any CPU
		{600B6D9A-F0AA-4DBE-A5F1-61BC3BD39C9F}.Debug (PALETTE_PROPERTIES)|x86.ActiveCfg = Debug|Any CPU
		{600B6D9A-F0AA-4DBE-A5F1-61BC3BD39C9F}.Debug (PALETTE_PROPERTIES)|x86.Build.0 = Debug|Any CPU
		{600B6D9A-F0AA-4DBE-A5F1-61BC3BD39C9F}.Debug|Any CPU.ActiveCfg = Debug|Any CPU
		{600B6D9A-F0AA-4DBE-A5F1-61BC3BD39C9F}.Debug|Any CPU.Build.0 = Debug|Any CPU
		{600B6D9A-F0AA-4DBE-A5F1-61BC3BD39C9F}.Debug|Mixed Platforms.ActiveCfg = Debug|Any CPU
		{600B6D9A-F0AA-4DBE-A5F1-61BC3BD39C9F}.Debug|Mixed Platforms.Build.0 = Debug|Any CPU
		{600B6D9A-F0AA-4DBE-A5F1-61BC3BD39C9F}.Debug|x86.ActiveCfg = Debug|Any CPU
		{600B6D9A-F0AA-4DBE-A5F1-61BC3BD39C9F}.Debug|x86.Build.0 = Debug|Any CPU
		{600B6D9A-F0AA-4DBE-A5F1-61BC3BD39C9F}.Release|Any CPU.ActiveCfg = Release|Any CPU
		{600B6D9A-F0AA-4DBE-A5F1-61BC3BD39C9F}.Release|Any CPU.Build.0 = Release|Any CPU
		{600B6D9A-F0AA-4DBE-A5F1-61BC3BD39C9F}.Release|Mixed Platforms.ActiveCfg = Release|Any CPU
		{600B6D9A-F0AA-4DBE-A5F1-61BC3BD39C9F}.Release|Mixed Platforms.Build.0 = Release|Any CPU
		{600B6D9A-F0AA-4DBE-A5F1-61BC3BD39C9F}.Release|x86.ActiveCfg = Release|Any CPU
		{600B6D9A-F0AA-4DBE-A5F1-61BC3BD39C9F}.Release|x86.Build.0 = Release|Any CPU
	EndGlobalSection
	GlobalSection(SolutionProperties) = preSolution
		HideSolutionNode = FALSE
	EndGlobalSection
EndGlobal
