
Microsoft Visual Studio Solution File, Format Version 12.00
# Visual Studio 14
VisualStudioVersion = 14.0.25420.1
MinimumVisualStudioVersion = 10.0.40219.1
Project("{FAE04EC0-301F-11D3-BF4B-00C04F79EFBC}") = "TNT.CmdLineParser", "TNT.CmdLineParser\trunk\TNT.CmdLineParser.csproj", "{3DDCAB60-EC81-435C-8E99-F4D8ADE273CD}"
EndProject
Project("{FAE04EC0-301F-11D3-BF4B-00C04F79EFBC}") = "TNT.Collections", "TNT.Collections\trunk\TNT.Collections.csproj", "{74DF34B0-FB3E-4D86-8D21-C3866475596F}"
EndProject
Project("{FAE04EC0-301F-11D3-BF4B-00C04F79EFBC}") = "TNT.Configuration", "TNT.Configuration\trunk\TNT.Configuration.csproj", "{C8B4D9D5-25B9-47B9-B79B-EB4DCBC075C0}"
EndProject
Project("{FAE04EC0-301F-11D3-BF4B-00C04F79EFBC}") = "TNT.Cryptography", "TNT.Cryptography\TNT.Cryptography\TNT.Cryptography.csproj", "{BBD971EC-5732-4968-A735-94D430AF9BC1}"
EndProject
Project("{FAE04EC0-301F-11D3-BF4B-00C04F79EFBC}") = "TNT.Data.Tools", "TNT.Data.Tools\trunk\TNT.Data.Tools.csproj", "{971DF3BD-9F0C-4B55-A772-70CF1A51114C}"
EndProject
Project("{FAE04EC0-301F-11D3-BF4B-00C04F79EFBC}") = "TNT.Math", "TNT.Math\trunk\TNT.Math.csproj", "{FC58EA15-E2AB-4001-86C6-4892E350F8A3}"
EndProject
Project("{FAE04EC0-301F-11D3-BF4B-00C04F79EFBC}") = "TNT.Plugin", "TNT.Plugin\trunk\TNT.Plugin.csproj", "{D6CA4A53-41AD-452D-A77F-F1965E636D04}"
EndProject
Project("{FAE04EC0-301F-11D3-BF4B-00C04F79EFBC}") = "TNT.SQLite", "TNT.SQLite\trunk\TNT.SQLite.csproj", "{9E1947F4-9A42-4236-8AE9-1C72F62E23D5}"
EndProject
Project("{FAE04EC0-301F-11D3-BF4B-00C04F79EFBC}") = "TNT.Utilities", "TNT.Utilities\trunk\TNT.Utilities.csproj", "{026B1998-3B54-4964-B172-DD4DDADC3D3D}"
EndProject
Project("{FAE04EC0-301F-11D3-BF4B-00C04F79EFBC}") = "TNT.WCF.Utilities", "TNT.WCF.Utilities\trunk\TNT.WCF.Utilities.csproj", "{EAC07290-BA91-4831-A8CD-1703E793C081}"
EndProject
Project("{FAE04EC0-301F-11D3-BF4B-00C04F79EFBC}") = "TNT.Web", "TNT.Web\trunk\TNT.Web.csproj", "{B676A47D-E976-4EA7-87A8-100715C05555}"
EndProject
Project("{FAE04EC0-301F-11D3-BF4B-00C04F79EFBC}") = "TNT.WebRelay", "TNT.WebRelay\TNT.WebRelay\TNT.WebRelay.csproj", "{BE59C752-8B48-4AB4-A41C-99EE8896D9D8}"
EndProject
Project("{FAE04EC0-301F-11D3-BF4B-00C04F79EFBC}") = "TNT.Wizards", "TNT.Wizards\trunk\TNT.Wizards.csproj", "{1F0EBFAB-EC0A-40E9-B5FC-7F6A724D7AE5}"
EndProject
Global
	GlobalSection(SolutionConfigurationPlatforms) = preSolution
		Debug (PALETTE_PROPERTIES)|Any CPU = Debug (PALETTE_PROPERTIES)|Any CPU
		Debug|Any CPU = Debug|Any CPU
		Release|Any CPU = Release|Any CPU
	EndGlobalSection
	GlobalSection(ProjectConfigurationPlatforms) = postSolution
		{3DDCAB60-EC81-435C-8E99-F4D8ADE273CD}.Debug (PALETTE_PROPERTIES)|Any CPU.ActiveCfg = Debug|Any CPU
		{3DDCAB60-EC81-435C-8E99-F4D8ADE273CD}.Debug (PALETTE_PROPERTIES)|Any CPU.Build.0 = Debug|Any CPU
		{3DDCAB60-EC81-435C-8E99-F4D8ADE273CD}.Debug|Any CPU.ActiveCfg = Debug|Any CPU
		{3DDCAB60-EC81-435C-8E99-F4D8ADE273CD}.Debug|Any CPU.Build.0 = Debug|Any CPU
		{3DDCAB60-EC81-435C-8E99-F4D8ADE273CD}.Release|Any CPU.ActiveCfg = Release|Any CPU
		{3DDCAB60-EC81-435C-8E99-F4D8ADE273CD}.Release|Any CPU.Build.0 = Release|Any CPU
		{74DF34B0-FB3E-4D86-8D21-C3866475596F}.Debug (PALETTE_PROPERTIES)|Any CPU.ActiveCfg = Debug|Any CPU
		{74DF34B0-FB3E-4D86-8D21-C3866475596F}.Debug (PALETTE_PROPERTIES)|Any CPU.Build.0 = Debug|Any CPU
		{74DF34B0-FB3E-4D86-8D21-C3866475596F}.Debug|Any CPU.ActiveCfg = Debug|Any CPU
		{74DF34B0-FB3E-4D86-8D21-C3866475596F}.Debug|Any CPU.Build.0 = Debug|Any CPU
		{74DF34B0-FB3E-4D86-8D21-C3866475596F}.Release|Any CPU.ActiveCfg = Release|Any CPU
		{74DF34B0-FB3E-4D86-8D21-C3866475596F}.Release|Any CPU.Build.0 = Release|Any CPU
		{C8B4D9D5-25B9-47B9-B79B-EB4DCBC075C0}.Debug (PALETTE_PROPERTIES)|Any CPU.ActiveCfg = Debug|Any CPU
		{C8B4D9D5-25B9-47B9-B79B-EB4DCBC075C0}.Debug (PALETTE_PROPERTIES)|Any CPU.Build.0 = Debug|Any CPU
		{C8B4D9D5-25B9-47B9-B79B-EB4DCBC075C0}.Debug|Any CPU.ActiveCfg = Debug|Any CPU
		{C8B4D9D5-25B9-47B9-B79B-EB4DCBC075C0}.Debug|Any CPU.Build.0 = Debug|Any CPU
		{C8B4D9D5-25B9-47B9-B79B-EB4DCBC075C0}.Release|Any CPU.ActiveCfg = Release|Any CPU
		{C8B4D9D5-25B9-47B9-B79B-EB4DCBC075C0}.Release|Any CPU.Build.0 = Release|Any CPU
		{BBD971EC-5732-4968-A735-94D430AF9BC1}.Debug (PALETTE_PROPERTIES)|Any CPU.ActiveCfg = Debug|Any CPU
		{BBD971EC-5732-4968-A735-94D430AF9BC1}.Debug (PALETTE_PROPERTIES)|Any CPU.Build.0 = Debug|Any CPU
		{BBD971EC-5732-4968-A735-94D430AF9BC1}.Debug|Any CPU.ActiveCfg = Debug|Any CPU
		{BBD971EC-5732-4968-A735-94D430AF9BC1}.Debug|Any CPU.Build.0 = Debug|Any CPU
		{BBD971EC-5732-4968-A735-94D430AF9BC1}.Release|Any CPU.ActiveCfg = Release|Any CPU
		{BBD971EC-5732-4968-A735-94D430AF9BC1}.Release|Any CPU.Build.0 = Release|Any CPU
		{971DF3BD-9F0C-4B55-A772-70CF1A51114C}.Debug (PALETTE_PROPERTIES)|Any CPU.ActiveCfg = Debug|Any CPU
		{971DF3BD-9F0C-4B55-A772-70CF1A51114C}.Debug (PALETTE_PROPERTIES)|Any CPU.Build.0 = Debug|Any CPU
		{971DF3BD-9F0C-4B55-A772-70CF1A51114C}.Debug|Any CPU.ActiveCfg = Debug|Any CPU
		{971DF3BD-9F0C-4B55-A772-70CF1A51114C}.Debug|Any CPU.Build.0 = Debug|Any CPU
		{971DF3BD-9F0C-4B55-A772-70CF1A51114C}.Release|Any CPU.ActiveCfg = Release|Any CPU
		{971DF3BD-9F0C-4B55-A772-70CF1A51114C}.Release|Any CPU.Build.0 = Release|Any CPU
		{FC58EA15-E2AB-4001-86C6-4892E350F8A3}.Debug (PALETTE_PROPERTIES)|Any CPU.ActiveCfg = Debug|Any CPU
		{FC58EA15-E2AB-4001-86C6-4892E350F8A3}.Debug (PALETTE_PROPERTIES)|Any CPU.Build.0 = Debug|Any CPU
		{FC58EA15-E2AB-4001-86C6-4892E350F8A3}.Debug|Any CPU.ActiveCfg = Debug|Any CPU
		{FC58EA15-E2AB-4001-86C6-4892E350F8A3}.Debug|Any CPU.Build.0 = Debug|Any CPU
		{FC58EA15-E2AB-4001-86C6-4892E350F8A3}.Release|Any CPU.ActiveCfg = Release|Any CPU
		{FC58EA15-E2AB-4001-86C6-4892E350F8A3}.Release|Any CPU.Build.0 = Release|Any CPU
		{D6CA4A53-41AD-452D-A77F-F1965E636D04}.Debug (PALETTE_PROPERTIES)|Any CPU.ActiveCfg = Debug|Any CPU
		{D6CA4A53-41AD-452D-A77F-F1965E636D04}.Debug (PALETTE_PROPERTIES)|Any CPU.Build.0 = Debug|Any CPU
		{D6CA4A53-41AD-452D-A77F-F1965E636D04}.Debug|Any CPU.ActiveCfg = Debug|Any CPU
		{D6CA4A53-41AD-452D-A77F-F1965E636D04}.Debug|Any CPU.Build.0 = Debug|Any CPU
		{D6CA4A53-41AD-452D-A77F-F1965E636D04}.Release|Any CPU.ActiveCfg = Release|Any CPU
		{D6CA4A53-41AD-452D-A77F-F1965E636D04}.Release|Any CPU.Build.0 = Release|Any CPU
		{9E1947F4-9A42-4236-8AE9-1C72F62E23D5}.Debug (PALETTE_PROPERTIES)|Any CPU.ActiveCfg = Debug|Any CPU
		{9E1947F4-9A42-4236-8AE9-1C72F62E23D5}.Debug (PALETTE_PROPERTIES)|Any CPU.Build.0 = Debug|Any CPU
		{9E1947F4-9A42-4236-8AE9-1C72F62E23D5}.Debug|Any CPU.ActiveCfg = Debug|Any CPU
		{9E1947F4-9A42-4236-8AE9-1C72F62E23D5}.Debug|Any CPU.Build.0 = Debug|Any CPU
		{9E1947F4-9A42-4236-8AE9-1C72F62E23D5}.Release|Any CPU.ActiveCfg = Release|Any CPU
		{9E1947F4-9A42-4236-8AE9-1C72F62E23D5}.Release|Any CPU.Build.0 = Release|Any CPU
		{026B1998-3B54-4964-B172-DD4DDADC3D3D}.Debug (PALETTE_PROPERTIES)|Any CPU.ActiveCfg = Debug (PALETTE_PROPERTIES)|Any CPU
		{026B1998-3B54-4964-B172-DD4DDADC3D3D}.Debug (PALETTE_PROPERTIES)|Any CPU.Build.0 = Debug (PALETTE_PROPERTIES)|Any CPU
		{026B1998-3B54-4964-B172-DD4DDADC3D3D}.Debug|Any CPU.ActiveCfg = Debug|Any CPU
		{026B1998-3B54-4964-B172-DD4DDADC3D3D}.Debug|Any CPU.Build.0 = Debug|Any CPU
		{026B1998-3B54-4964-B172-DD4DDADC3D3D}.Release|Any CPU.ActiveCfg = Release|Any CPU
		{026B1998-3B54-4964-B172-DD4DDADC3D3D}.Release|Any CPU.Build.0 = Release|Any CPU
		{EAC07290-BA91-4831-A8CD-1703E793C081}.Debug (PALETTE_PROPERTIES)|Any CPU.ActiveCfg = Debug|Any CPU
		{EAC07290-BA91-4831-A8CD-1703E793C081}.Debug (PALETTE_PROPERTIES)|Any CPU.Build.0 = Debug|Any CPU
		{EAC07290-BA91-4831-A8CD-1703E793C081}.Debug|Any CPU.ActiveCfg = Debug|Any CPU
		{EAC07290-BA91-4831-A8CD-1703E793C081}.Debug|Any CPU.Build.0 = Debug|Any CPU
		{EAC07290-BA91-4831-A8CD-1703E793C081}.Release|Any CPU.ActiveCfg = Release|Any CPU
		{EAC07290-BA91-4831-A8CD-1703E793C081}.Release|Any CPU.Build.0 = Release|Any CPU
		{B676A47D-E976-4EA7-87A8-100715C05555}.Debug (PALETTE_PROPERTIES)|Any CPU.ActiveCfg = Debug|Any CPU
		{B676A47D-E976-4EA7-87A8-100715C05555}.Debug (PALETTE_PROPERTIES)|Any CPU.Build.0 = Debug|Any CPU
		{B676A47D-E976-4EA7-87A8-100715C05555}.Debug|Any CPU.ActiveCfg = Debug|Any CPU
		{B676A47D-E976-4EA7-87A8-100715C05555}.Debug|Any CPU.Build.0 = Debug|Any CPU
		{B676A47D-E976-4EA7-87A8-100715C05555}.Release|Any CPU.ActiveCfg = Release|Any CPU
		{B676A47D-E976-4EA7-87A8-100715C05555}.Release|Any CPU.Build.0 = Release|Any CPU
		{BE59C752-8B48-4AB4-A41C-99EE8896D9D8}.Debug (PALETTE_PROPERTIES)|Any CPU.ActiveCfg = Debug|Any CPU
		{BE59C752-8B48-4AB4-A41C-99EE8896D9D8}.Debug (PALETTE_PROPERTIES)|Any CPU.Build.0 = Debug|Any CPU
		{BE59C752-8B48-4AB4-A41C-99EE8896D9D8}.Debug|Any CPU.ActiveCfg = Debug|Any CPU
		{BE59C752-8B48-4AB4-A41C-99EE8896D9D8}.Debug|Any CPU.Build.0 = Debug|Any CPU
		{BE59C752-8B48-4AB4-A41C-99EE8896D9D8}.Release|Any CPU.ActiveCfg = Release|Any CPU
		{BE59C752-8B48-4AB4-A41C-99EE8896D9D8}.Release|Any CPU.Build.0 = Release|Any CPU
		{1F0EBFAB-EC0A-40E9-B5FC-7F6A724D7AE5}.Debug (PALETTE_PROPERTIES)|Any CPU.ActiveCfg = Debug|Any CPU
		{1F0EBFAB-EC0A-40E9-B5FC-7F6A724D7AE5}.Debug (PALETTE_PROPERTIES)|Any CPU.Build.0 = Debug|Any CPU
		{1F0EBFAB-EC0A-40E9-B5FC-7F6A724D7AE5}.Debug|Any CPU.ActiveCfg = Debug|Any CPU
		{1F0EBFAB-EC0A-40E9-B5FC-7F6A724D7AE5}.Debug|Any CPU.Build.0 = Debug|Any CPU
		{1F0EBFAB-EC0A-40E9-B5FC-7F6A724D7AE5}.Release|Any CPU.ActiveCfg = Release|Any CPU
		{1F0EBFAB-EC0A-40E9-B5FC-7F6A724D7AE5}.Release|Any CPU.Build.0 = Release|Any CPU
	EndGlobalSection
	GlobalSection(SolutionProperties) = preSolution
		HideSolutionNode = FALSE
	EndGlobalSection
EndGlobal
