
Microsoft Visual Studio Solution File, Format Version 12.00
# Visual Studio 15
VisualStudioVersion = 15.0.28010.2041
MinimumVisualStudioVersion = 10.0.40219.1
Project("{FAE04EC0-301F-11D3-BF4B-00C04F79EFBC}") = "TNT.Collections", "TNT.Collections.csproj", "{74DF34B0-FB3E-4D86-8D21-C3866475596F}"
EndProject
Project("{FAE04EC0-301F-11D3-BF4B-00C04F79EFBC}") = "Tests", "Tests\Tests.csproj", "{194C0981-7142-4AA1-A445-4CFCBE858F98}"
EndProject
Global
	GlobalSection(SolutionConfigurationPlatforms) = preSolution
		Debug|Any CPU = Debug|Any CPU
		Release|Any CPU = Release|Any CPU
	EndGlobalSection
	GlobalSection(ProjectConfigurationPlatforms) = postSolution
		{74DF34B0-FB3E-4D86-8D21-C3866475596F}.Debug|Any CPU.ActiveCfg = Debug|Any CPU
		{74DF34B0-FB3E-4D86-8D21-C3866475596F}.Debug|Any CPU.Build.0 = Debug|Any CPU
		{74DF34B0-FB3E-4D86-8D21-C3866475596F}.Release|Any CPU.ActiveCfg = Release|Any CPU
		{74DF34B0-FB3E-4D86-8D21-C3866475596F}.Release|Any CPU.Build.0 = Release|Any CPU
		{194C0981-7142-4AA1-A445-4CFCBE858F98}.Debug|Any CPU.ActiveCfg = Debug|Any CPU
		{194C0981-7142-4AA1-A445-4CFCBE858F98}.Debug|Any CPU.Build.0 = Debug|Any CPU
		{194C0981-7142-4AA1-A445-4CFCBE858F98}.Release|Any CPU.ActiveCfg = Release|Any CPU
		{194C0981-7142-4AA1-A445-4CFCBE858F98}.Release|Any CPU.Build.0 = Release|Any CPU
	EndGlobalSection
	GlobalSection(SolutionProperties) = preSolution
		HideSolutionNode = FALSE
	EndGlobalSection
	GlobalSection(ExtensibilityGlobals) = postSolution
		SolutionGuid = {E3F0963D-9B61-42F0-9152-7DB31877DDF2}
	EndGlobalSection
EndGlobal
