
Microsoft Visual Studio Solution File, Format Version 12.00
# Visual Studio 2013
VisualStudioVersion = 12.0.31101.0
MinimumVisualStudioVersion = 10.0.40219.1
Project("{FAE04EC0-301F-11D3-BF4B-00C04F79EFBC}") = "TNT.Data.Tools", "trunk\TNT.Data.Tools.csproj", "{971DF3BD-9F0C-4B55-A772-70CF1A51114C}"
EndProject
Project("{FAE04EC0-301F-11D3-BF4B-00C04F79EFBC}") = "Tests", "Tests\Tests.csproj", "{E4B255D1-1B23-42F4-9036-42976BEA6E09}"
EndProject
Global
	GlobalSection(SolutionConfigurationPlatforms) = preSolution
		Debug|Any CPU = Debug|Any CPU
		Release|Any CPU = Release|Any CPU
	EndGlobalSection
	GlobalSection(ProjectConfigurationPlatforms) = postSolution
		{971DF3BD-9F0C-4B55-A772-70CF1A51114C}.Debug|Any CPU.ActiveCfg = Debug|Any CPU
		{971DF3BD-9F0C-4B55-A772-70CF1A51114C}.Debug|Any CPU.Build.0 = Debug|Any CPU
		{971DF3BD-9F0C-4B55-A772-70CF1A51114C}.Release|Any CPU.ActiveCfg = Release|Any CPU
		{971DF3BD-9F0C-4B55-A772-70CF1A51114C}.Release|Any CPU.Build.0 = Release|Any CPU
		{E4B255D1-1B23-42F4-9036-42976BEA6E09}.Debug|Any CPU.ActiveCfg = Debug|Any CPU
		{E4B255D1-1B23-42F4-9036-42976BEA6E09}.Debug|Any CPU.Build.0 = Debug|Any CPU
		{E4B255D1-1B23-42F4-9036-42976BEA6E09}.Release|Any CPU.ActiveCfg = Release|Any CPU
		{E4B255D1-1B23-42F4-9036-42976BEA6E09}.Release|Any CPU.Build.0 = Release|Any CPU
	EndGlobalSection
	GlobalSection(SolutionProperties) = preSolution
		HideSolutionNode = FALSE
	EndGlobalSection
EndGlobal
